// !$*UTF8*$!
{
	archiveVersion = 1;
	classes = {
	};
	objectVersion = 48;
	objects = {

/* Begin PBXBuildFile section */
		00D5D3BD205FAFBF00B6DBF0 /* AppDelegate.swift in Sources */ = {isa = PBXBuildFile; fileRef = 00D5D3BC205FAFBF00B6DBF0 /* AppDelegate.swift */; };
		00D5D3BF205FAFBF00B6DBF0 /* ViewController.swift in Sources */ = {isa = PBXBuildFile; fileRef = 00D5D3BE205FAFBF00B6DBF0 /* ViewController.swift */; };
		00D5D3C2205FAFBF00B6DBF0 /* Main.storyboard in Resources */ = {isa = PBXBuildFile; fileRef = 00D5D3C0205FAFBF00B6DBF0 /* Main.storyboard */; };
		00D5D3C4205FAFBF00B6DBF0 /* Assets.xcassets in Resources */ = {isa = PBXBuildFile; fileRef = 00D5D3C3205FAFBF00B6DBF0 /* Assets.xcassets */; };
		00D5D3C7205FAFBF00B6DBF0 /* LaunchScreen.storyboard in Resources */ = {isa = PBXBuildFile; fileRef = 00D5D3C5205FAFBF00B6DBF0 /* LaunchScreen.storyboard */; };
		00D5D3D2205FAFBF00B6DBF0 /* IdentifyThisTests.swift in Sources */ = {isa = PBXBuildFile; fileRef = 00D5D3D1205FAFBF00B6DBF0 /* IdentifyThisTests.swift */; };
		00D5D3DD205FAFBF00B6DBF0 /* IdentifyThisUITests.swift in Sources */ = {isa = PBXBuildFile; fileRef = 00D5D3DC205FAFBF00B6DBF0 /* IdentifyThisUITests.swift */; };
		00D5D3F52060179400B6DBF0 /* OpenSans-Semibold.ttf in Resources */ = {isa = PBXBuildFile; fileRef = 00D5D3EB2060179400B6DBF0 /* OpenSans-Semibold.ttf */; };
		00D5D3F62060179400B6DBF0 /* OpenSans-Light.ttf in Resources */ = {isa = PBXBuildFile; fileRef = 00D5D3EC2060179400B6DBF0 /* OpenSans-Light.ttf */; };
		00D5D3F72060179400B6DBF0 /* OpenSans-Italic.ttf in Resources */ = {isa = PBXBuildFile; fileRef = 00D5D3ED2060179400B6DBF0 /* OpenSans-Italic.ttf */; };
		00D5D3F82060179400B6DBF0 /* Apache License.txt in Resources */ = {isa = PBXBuildFile; fileRef = 00D5D3EE2060179400B6DBF0 /* Apache License.txt */; };
		00D5D3F92060179400B6DBF0 /* OpenSans-LightItalic.ttf in Resources */ = {isa = PBXBuildFile; fileRef = 00D5D3EF2060179400B6DBF0 /* OpenSans-LightItalic.ttf */; };
		00D5D3FA2060179400B6DBF0 /* OpenSans-Bold.ttf in Resources */ = {isa = PBXBuildFile; fileRef = 00D5D3F02060179400B6DBF0 /* OpenSans-Bold.ttf */; };
		00D5D3FB2060179400B6DBF0 /* OpenSans-SemiboldItalic.ttf in Resources */ = {isa = PBXBuildFile; fileRef = 00D5D3F12060179400B6DBF0 /* OpenSans-SemiboldItalic.ttf */; };
		00D5D3FC2060179400B6DBF0 /* OpenSans-ExtraBoldItalic.ttf in Resources */ = {isa = PBXBuildFile; fileRef = 00D5D3F22060179400B6DBF0 /* OpenSans-ExtraBoldItalic.ttf */; };
		00D5D3FD2060179400B6DBF0 /* OpenSans-Regular.ttf in Resources */ = {isa = PBXBuildFile; fileRef = 00D5D3F32060179400B6DBF0 /* OpenSans-Regular.ttf */; };
		00D5D3FE2060179400B6DBF0 /* OpenSans-BoldItalic.ttf in Resources */ = {isa = PBXBuildFile; fileRef = 00D5D3F42060179400B6DBF0 /* OpenSans-BoldItalic.ttf */; };
/* End PBXBuildFile section */

/* Begin PBXContainerItemProxy section */
		00D5D3CE205FAFBF00B6DBF0 /* PBXContainerItemProxy */ = {
			isa = PBXContainerItemProxy;
			containerPortal = 00D5D3B1205FAFBE00B6DBF0 /* Project object */;
			proxyType = 1;
			remoteGlobalIDString = 00D5D3B8205FAFBE00B6DBF0;
			remoteInfo = IdentifyThis;
		};
		00D5D3D9205FAFBF00B6DBF0 /* PBXContainerItemProxy */ = {
			isa = PBXContainerItemProxy;
			containerPortal = 00D5D3B1205FAFBE00B6DBF0 /* Project object */;
			proxyType = 1;
			remoteGlobalIDString = 00D5D3B8205FAFBE00B6DBF0;
			remoteInfo = IdentifyThis;
		};
/* End PBXContainerItemProxy section */

/* Begin PBXFileReference section */
		00D5D3B9205FAFBF00B6DBF0 /* IdentifyThis.app */ = {isa = PBXFileReference; explicitFileType = wrapper.application; includeInIndex = 0; path = IdentifyThis.app; sourceTree = BUILT_PRODUCTS_DIR; };
		00D5D3BC205FAFBF00B6DBF0 /* AppDelegate.swift */ = {isa = PBXFileReference; lastKnownFileType = sourcecode.swift; path = AppDelegate.swift; sourceTree = "<group>"; };
		00D5D3BE205FAFBF00B6DBF0 /* ViewController.swift */ = {isa = PBXFileReference; lastKnownFileType = sourcecode.swift; path = ViewController.swift; sourceTree = "<group>"; };
		00D5D3C1205FAFBF00B6DBF0 /* Base */ = {isa = PBXFileReference; lastKnownFileType = file.storyboard; name = Base; path = Base.lproj/Main.storyboard; sourceTree = "<group>"; };
		00D5D3C3205FAFBF00B6DBF0 /* Assets.xcassets */ = {isa = PBXFileReference; lastKnownFileType = folder.assetcatalog; path = Assets.xcassets; sourceTree = "<group>"; };
		00D5D3C6205FAFBF00B6DBF0 /* Base */ = {isa = PBXFileReference; lastKnownFileType = file.storyboard; name = Base; path = Base.lproj/LaunchScreen.storyboard; sourceTree = "<group>"; };
		00D5D3C8205FAFBF00B6DBF0 /* Info.plist */ = {isa = PBXFileReference; lastKnownFileType = text.plist.xml; path = Info.plist; sourceTree = "<group>"; };
		00D5D3CD205FAFBF00B6DBF0 /* IdentifyThisTests.xctest */ = {isa = PBXFileReference; explicitFileType = wrapper.cfbundle; includeInIndex = 0; path = IdentifyThisTests.xctest; sourceTree = BUILT_PRODUCTS_DIR; };
		00D5D3D1205FAFBF00B6DBF0 /* IdentifyThisTests.swift */ = {isa = PBXFileReference; lastKnownFileType = sourcecode.swift; path = IdentifyThisTests.swift; sourceTree = "<group>"; };
		00D5D3D3205FAFBF00B6DBF0 /* Info.plist */ = {isa = PBXFileReference; lastKnownFileType = text.plist.xml; path = Info.plist; sourceTree = "<group>"; };
		00D5D3D8205FAFBF00B6DBF0 /* IdentifyThisUITests.xctest */ = {isa = PBXFileReference; explicitFileType = wrapper.cfbundle; includeInIndex = 0; path = IdentifyThisUITests.xctest; sourceTree = BUILT_PRODUCTS_DIR; };
		00D5D3DC205FAFBF00B6DBF0 /* IdentifyThisUITests.swift */ = {isa = PBXFileReference; lastKnownFileType = sourcecode.swift; path = IdentifyThisUITests.swift; sourceTree = "<group>"; };
		00D5D3DE205FAFBF00B6DBF0 /* Info.plist */ = {isa = PBXFileReference; lastKnownFileType = text.plist.xml; path = Info.plist; sourceTree = "<group>"; };
		00D5D3EB2060179400B6DBF0 /* OpenSans-Semibold.ttf */ = {isa = PBXFileReference; lastKnownFileType = file; path = "OpenSans-Semibold.ttf"; sourceTree = "<group>"; };
		00D5D3EC2060179400B6DBF0 /* OpenSans-Light.ttf */ = {isa = PBXFileReference; lastKnownFileType = file; path = "OpenSans-Light.ttf"; sourceTree = "<group>"; };
		00D5D3ED2060179400B6DBF0 /* OpenSans-Italic.ttf */ = {isa = PBXFileReference; lastKnownFileType = file; path = "OpenSans-Italic.ttf"; sourceTree = "<group>"; };
		00D5D3EE2060179400B6DBF0 /* Apache License.txt */ = {isa = PBXFileReference; fileEncoding = 4; lastKnownFileType = text; path = "Apache License.txt"; sourceTree = "<group>"; };
		00D5D3EF2060179400B6DBF0 /* OpenSans-LightItalic.ttf */ = {isa = PBXFileReference; lastKnownFileType = file; path = "OpenSans-LightItalic.ttf"; sourceTree = "<group>"; };
		00D5D3F02060179400B6DBF0 /* OpenSans-Bold.ttf */ = {isa = PBXFileReference; lastKnownFileType = file; path = "OpenSans-Bold.ttf"; sourceTree = "<group>"; };
		00D5D3F12060179400B6DBF0 /* OpenSans-SemiboldItalic.ttf */ = {isa = PBXFileReference; lastKnownFileType = file; path = "OpenSans-SemiboldItalic.ttf"; sourceTree = "<group>"; };
		00D5D3F22060179400B6DBF0 /* OpenSans-ExtraBoldItalic.ttf */ = {isa = PBXFileReference; lastKnownFileType = file; path = "OpenSans-ExtraBoldItalic.ttf"; sourceTree = "<group>"; };
		00D5D3F32060179400B6DBF0 /* OpenSans-Regular.ttf */ = {isa = PBXFileReference; lastKnownFileType = file; path = "OpenSans-Regular.ttf"; sourceTree = "<group>"; };
		00D5D3F42060179400B6DBF0 /* OpenSans-BoldItalic.ttf */ = {isa = PBXFileReference; lastKnownFileType = file; path = "OpenSans-BoldItalic.ttf"; sourceTree = "<group>"; };
/* End PBXFileReference section */

/* Begin PBXFrameworksBuildPhase section */
		00D5D3B6205FAFBE00B6DBF0 /* Frameworks */ = {
			isa = PBXFrameworksBuildPhase;
			buildActionMask = 2147483647;
			files = (
			);
			runOnlyForDeploymentPostprocessing = 0;
		};
		00D5D3CA205FAFBF00B6DBF0 /* Frameworks */ = {
			isa = PBXFrameworksBuildPhase;
			buildActionMask = 2147483647;
			files = (
			);
			runOnlyForDeploymentPostprocessing = 0;
		};
		00D5D3D5205FAFBF00B6DBF0 /* Frameworks */ = {
			isa = PBXFrameworksBuildPhase;
			buildActionMask = 2147483647;
			files = (
			);
			runOnlyForDeploymentPostprocessing = 0;
		};
/* End PBXFrameworksBuildPhase section */

/* Begin PBXGroup section */
		00D5D3B0205FAFBE00B6DBF0 = {
			isa = PBXGroup;
			children = (
				00D5D3BB205FAFBF00B6DBF0 /* IdentifyThis */,
				00D5D3D0205FAFBF00B6DBF0 /* IdentifyThisTests */,
				00D5D3DB205FAFBF00B6DBF0 /* IdentifyThisUITests */,
				00D5D3BA205FAFBF00B6DBF0 /* Products */,
			);
			sourceTree = "<group>";
		};
		00D5D3BA205FAFBF00B6DBF0 /* Products */ = {
			isa = PBXGroup;
			children = (
				00D5D3B9205FAFBF00B6DBF0 /* IdentifyThis.app */,
				00D5D3CD205FAFBF00B6DBF0 /* IdentifyThisTests.xctest */,
				00D5D3D8205FAFBF00B6DBF0 /* IdentifyThisUITests.xctest */,
			);
			name = Products;
			sourceTree = "<group>";
		};
		00D5D3BB205FAFBF00B6DBF0 /* IdentifyThis */ = {
			isa = PBXGroup;
			children = (
				00D5D3EA2060179400B6DBF0 /* open-sans */,
				00D5D3BC205FAFBF00B6DBF0 /* AppDelegate.swift */,
				00D5D3BE205FAFBF00B6DBF0 /* ViewController.swift */,
				00D5D3C0205FAFBF00B6DBF0 /* Main.storyboard */,
				00D5D3C3205FAFBF00B6DBF0 /* Assets.xcassets */,
				00D5D3C5205FAFBF00B6DBF0 /* LaunchScreen.storyboard */,
				00D5D3C8205FAFBF00B6DBF0 /* Info.plist */,
			);
			path = IdentifyThis;
			sourceTree = "<group>";
		};
		00D5D3D0205FAFBF00B6DBF0 /* IdentifyThisTests */ = {
			isa = PBXGroup;
			children = (
				00D5D3D1205FAFBF00B6DBF0 /* IdentifyThisTests.swift */,
				00D5D3D3205FAFBF00B6DBF0 /* Info.plist */,
			);
			path = IdentifyThisTests;
			sourceTree = "<group>";
		};
		00D5D3DB205FAFBF00B6DBF0 /* IdentifyThisUITests */ = {
			isa = PBXGroup;
			children = (
				00D5D3DC205FAFBF00B6DBF0 /* IdentifyThisUITests.swift */,
				00D5D3DE205FAFBF00B6DBF0 /* Info.plist */,
			);
			path = IdentifyThisUITests;
			sourceTree = "<group>";
		};
		00D5D3EA2060179400B6DBF0 /* open-sans */ = {
			isa = PBXGroup;
			children = (
				00D5D3EB2060179400B6DBF0 /* OpenSans-Semibold.ttf */,
				00D5D3EC2060179400B6DBF0 /* OpenSans-Light.ttf */,
				00D5D3ED2060179400B6DBF0 /* OpenSans-Italic.ttf */,
				00D5D3EE2060179400B6DBF0 /* Apache License.txt */,
				00D5D3EF2060179400B6DBF0 /* OpenSans-LightItalic.ttf */,
				00D5D3F02060179400B6DBF0 /* OpenSans-Bold.ttf */,
				00D5D3F12060179400B6DBF0 /* OpenSans-SemiboldItalic.ttf */,
				00D5D3F22060179400B6DBF0 /* OpenSans-ExtraBoldItalic.ttf */,
				00D5D3F32060179400B6DBF0 /* OpenSans-Regular.ttf */,
				00D5D3F42060179400B6DBF0 /* OpenSans-BoldItalic.ttf */,
			);
			path = "open-sans";
			sourceTree = "<group>";
		};
/* End PBXGroup section */

/* Begin PBXNativeTarget section */
		00D5D3B8205FAFBE00B6DBF0 /* IdentifyThis */ = {
			isa = PBXNativeTarget;
			buildConfigurationList = 00D5D3E1205FAFBF00B6DBF0 /* Build configuration list for PBXNativeTarget "IdentifyThis" */;
			buildPhases = (
				00D5D3B5205FAFBE00B6DBF0 /* Sources */,
				00D5D3B6205FAFBE00B6DBF0 /* Frameworks */,
				00D5D3B7205FAFBE00B6DBF0 /* Resources */,
			);
			buildRules = (
			);
			dependencies = (
			);
			name = IdentifyThis;
			productName = IdentifyThis;
			productReference = 00D5D3B9205FAFBF00B6DBF0 /* IdentifyThis.app */;
			productType = "com.apple.product-type.application";
		};
		00D5D3CC205FAFBF00B6DBF0 /* IdentifyThisTests */ = {
			isa = PBXNativeTarget;
			buildConfigurationList = 00D5D3E4205FAFBF00B6DBF0 /* Build configuration list for PBXNativeTarget "IdentifyThisTests" */;
			buildPhases = (
				00D5D3C9205FAFBF00B6DBF0 /* Sources */,
				00D5D3CA205FAFBF00B6DBF0 /* Frameworks */,
				00D5D3CB205FAFBF00B6DBF0 /* Resources */,
			);
			buildRules = (
			);
			dependencies = (
				00D5D3CF205FAFBF00B6DBF0 /* PBXTargetDependency */,
			);
			name = IdentifyThisTests;
			productName = IdentifyThisTests;
			productReference = 00D5D3CD205FAFBF00B6DBF0 /* IdentifyThisTests.xctest */;
			productType = "com.apple.product-type.bundle.unit-test";
		};
		00D5D3D7205FAFBF00B6DBF0 /* IdentifyThisUITests */ = {
			isa = PBXNativeTarget;
			buildConfigurationList = 00D5D3E7205FAFBF00B6DBF0 /* Build configuration list for PBXNativeTarget "IdentifyThisUITests" */;
			buildPhases = (
				00D5D3D4205FAFBF00B6DBF0 /* Sources */,
				00D5D3D5205FAFBF00B6DBF0 /* Frameworks */,
				00D5D3D6205FAFBF00B6DBF0 /* Resources */,
			);
			buildRules = (
			);
			dependencies = (
				00D5D3DA205FAFBF00B6DBF0 /* PBXTargetDependency */,
			);
			name = IdentifyThisUITests;
			productName = IdentifyThisUITests;
			productReference = 00D5D3D8205FAFBF00B6DBF0 /* IdentifyThisUITests.xctest */;
			productType = "com.apple.product-type.bundle.ui-testing";
		};
/* End PBXNativeTarget section */

/* Begin PBXProject section */
		00D5D3B1205FAFBE00B6DBF0 /* Project object */ = {
			isa = PBXProject;
			attributes = {
				LastSwiftUpdateCheck = 0920;
				LastUpgradeCheck = 0920;
				ORGANIZATIONNAME = consios;
				TargetAttributes = {
					00D5D3B8205FAFBE00B6DBF0 = {
						CreatedOnToolsVersion = 9.2;
						ProvisioningStyle = Automatic;
					};
					00D5D3CC205FAFBF00B6DBF0 = {
						CreatedOnToolsVersion = 9.2;
						ProvisioningStyle = Automatic;
						TestTargetID = 00D5D3B8205FAFBE00B6DBF0;
					};
					00D5D3D7205FAFBF00B6DBF0 = {
						CreatedOnToolsVersion = 9.2;
						ProvisioningStyle = Automatic;
						TestTargetID = 00D5D3B8205FAFBE00B6DBF0;
					};
				};
			};
			buildConfigurationList = 00D5D3B4205FAFBE00B6DBF0 /* Build configuration list for PBXProject "IdentifyThis" */;
			compatibilityVersion = "Xcode 8.0";
			developmentRegion = en;
			hasScannedForEncodings = 0;
			knownRegions = (
				en,
				Base,
			);
			mainGroup = 00D5D3B0205FAFBE00B6DBF0;
			productRefGroup = 00D5D3BA205FAFBF00B6DBF0 /* Products */;
			projectDirPath = "";
			projectRoot = "";
			targets = (
				00D5D3B8205FAFBE00B6DBF0 /* IdentifyThis */,
				00D5D3CC205FAFBF00B6DBF0 /* IdentifyThisTests */,
				00D5D3D7205FAFBF00B6DBF0 /* IdentifyThisUITests */,
			);
		};
/* End PBXProject section */

/* Begin PBXResourcesBuildPhase section */
		00D5D3B7205FAFBE00B6DBF0 /* Resources */ = {
			isa = PBXResourcesBuildPhase;
			buildActionMask = 2147483647;
			files = (
				00D5D3F52060179400B6DBF0 /* OpenSans-Semibold.ttf in Resources */,
				00D5D3C7205FAFBF00B6DBF0 /* LaunchScreen.storyboard in Resources */,
				00D5D3C4205FAFBF00B6DBF0 /* Assets.xcassets in Resources */,
				00D5D3F82060179400B6DBF0 /* Apache License.txt in Resources */,
				00D5D3F72060179400B6DBF0 /* OpenSans-Italic.ttf in Resources */,
				00D5D3FA2060179400B6DBF0 /* OpenSans-Bold.ttf in Resources */,
				00D5D3FB2060179400B6DBF0 /* OpenSans-SemiboldItalic.ttf in Resources */,
				00D5D3F62060179400B6DBF0 /* OpenSans-Light.ttf in Resources */,
				00D5D3FE2060179400B6DBF0 /* OpenSans-BoldItalic.ttf in Resources */,
				00D5D3F92060179400B6DBF0 /* OpenSans-LightItalic.ttf in Resources */,
				00D5D3FC2060179400B6DBF0 /* OpenSans-ExtraBoldItalic.ttf in Resources */,
				00D5D3FD2060179400B6DBF0 /* OpenSans-Regular.ttf in Resources */,
				00D5D3C2205FAFBF00B6DBF0 /* Main.storyboard in Resources */,
			);
			runOnlyForDeploymentPostprocessing = 0;
		};
		00D5D3CB205FAFBF00B6DBF0 /* Resources */ = {
			isa = PBXResourcesBuildPhase;
			buildActionMask = 2147483647;
			files = (
			);
			runOnlyForDeploymentPostprocessing = 0;
		};
		00D5D3D6205FAFBF00B6DBF0 /* Resources */ = {
			isa = PBXResourcesBuildPhase;
			buildActionMask = 2147483647;
			files = (
			);
			runOnlyForDeploymentPostprocessing = 0;
		};
/* End PBXResourcesBuildPhase section */

/* Begin PBXSourcesBuildPhase section */
		00D5D3B5205FAFBE00B6DBF0 /* Sources */ = {
			isa = PBXSourcesBuildPhase;
			buildActionMask = 2147483647;
			files = (
				00D5D3BF205FAFBF00B6DBF0 /* ViewController.swift in Sources */,
				00D5D3BD205FAFBF00B6DBF0 /* AppDelegate.swift in Sources */,
			);
			runOnlyForDeploymentPostprocessing = 0;
		};
		00D5D3C9205FAFBF00B6DBF0 /* Sources */ = {
			isa = PBXSourcesBuildPhase;
			buildActionMask = 2147483647;
			files = (
				00D5D3D2205FAFBF00B6DBF0 /* IdentifyThisTests.swift in Sources */,
			);
			runOnlyForDeploymentPostprocessing = 0;
		};
		00D5D3D4205FAFBF00B6DBF0 /* Sources */ = {
			isa = PBXSourcesBuildPhase;
			buildActionMask = 2147483647;
			files = (
				00D5D3DD205FAFBF00B6DBF0 /* IdentifyThisUITests.swift in Sources */,
			);
			runOnlyForDeploymentPostprocessing = 0;
		};
/* End PBXSourcesBuildPhase section */

/* Begin PBXTargetDependency section */
		00D5D3CF205FAFBF00B6DBF0 /* PBXTargetDependency */ = {
			isa = PBXTargetDependency;
			target = 00D5D3B8205FAFBE00B6DBF0 /* IdentifyThis */;
			targetProxy = 00D5D3CE205FAFBF00B6DBF0 /* PBXContainerItemProxy */;
		};
		00D5D3DA205FAFBF00B6DBF0 /* PBXTargetDependency */ = {
			isa = PBXTargetDependency;
			target = 00D5D3B8205FAFBE00B6DBF0 /* IdentifyThis */;
			targetProxy = 00D5D3D9205FAFBF00B6DBF0 /* PBXContainerItemProxy */;
		};
/* End PBXTargetDependency section */

/* Begin PBXVariantGroup section */
		00D5D3C0205FAFBF00B6DBF0 /* Main.storyboard */ = {
			isa = PBXVariantGroup;
			children = (
				00D5D3C1205FAFBF00B6DBF0 /* Base */,
			);
			name = Main.storyboard;
			sourceTree = "<group>";
		};
		00D5D3C5205FAFBF00B6DBF0 /* LaunchScreen.storyboard */ = {
			isa = PBXVariantGroup;
			children = (
				00D5D3C6205FAFBF00B6DBF0 /* Base */,
			);
			name = LaunchScreen.storyboard;
			sourceTree = "<group>";
		};
/* End PBXVariantGroup section */

/* Begin XCBuildConfiguration section */
		00D5D3DF205FAFBF00B6DBF0 /* Debug */ = {
			isa = XCBuildConfiguration;
			buildSettings = {
				ALWAYS_SEARCH_USER_PATHS = NO;
				CLANG_ANALYZER_NONNULL = YES;
				CLANG_ANALYZER_NUMBER_OBJECT_CONVERSION = YES_AGGRESSIVE;
				CLANG_CXX_LANGUAGE_STANDARD = "gnu++14";
				CLANG_CXX_LIBRARY = "libc++";
				CLANG_ENABLE_MODULES = YES;
				CLANG_ENABLE_OBJC_ARC = YES;
				CLANG_WARN_BLOCK_CAPTURE_AUTORELEASING = YES;
				CLANG_WARN_BOOL_CONVERSION = YES;
				CLANG_WARN_COMMA = YES;
				CLANG_WARN_CONSTANT_CONVERSION = YES;
				CLANG_WARN_DIRECT_OBJC_ISA_USAGE = YES_ERROR;
				CLANG_WARN_DOCUMENTATION_COMMENTS = YES;
				CLANG_WARN_EMPTY_BODY = YES;
				CLANG_WARN_ENUM_CONVERSION = YES;
				CLANG_WARN_INFINITE_RECURSION = YES;
				CLANG_WARN_INT_CONVERSION = YES;
				CLANG_WARN_NON_LITERAL_NULL_CONVERSION = YES;
				CLANG_WARN_OBJC_LITERAL_CONVERSION = YES;
				CLANG_WARN_OBJC_ROOT_CLASS = YES_ERROR;
				CLANG_WARN_RANGE_LOOP_ANALYSIS = YES;
				CLANG_WARN_STRICT_PROTOTYPES = YES;
				CLANG_WARN_SUSPICIOUS_MOVE = YES;
				CLANG_WARN_UNGUARDED_AVAILABILITY = YES_AGGRESSIVE;
				CLANG_WARN_UNREACHABLE_CODE = YES;
				CLANG_WARN__DUPLICATE_METHOD_MATCH = YES;
				CODE_SIGN_IDENTITY = "iPhone Developer";
				COPY_PHASE_STRIP = NO;
				DEBUG_INFORMATION_FORMAT = dwarf;
				ENABLE_STRICT_OBJC_MSGSEND = YES;
				ENABLE_TESTABILITY = YES;
				GCC_C_LANGUAGE_STANDARD = gnu11;
				GCC_DYNAMIC_NO_PIC = NO;
				GCC_NO_COMMON_BLOCKS = YES;
				GCC_OPTIMIZATION_LEVEL = 0;
				GCC_PREPROCESSOR_DEFINITIONS = (
					"DEBUG=1",
					"$(inherited)",
				);
				GCC_WARN_64_TO_32_BIT_CONVERSION = YES;
				GCC_WARN_ABOUT_RETURN_TYPE = YES_ERROR;
				GCC_WARN_UNDECLARED_SELECTOR = YES;
				GCC_WARN_UNINITIALIZED_AUTOS = YES_AGGRESSIVE;
				GCC_WARN_UNUSED_FUNCTION = YES;
				GCC_WARN_UNUSED_VARIABLE = YES;
				IPHONEOS_DEPLOYMENT_TARGET = 11.2;
				MTL_ENABLE_DEBUG_INFO = YES;
				ONLY_ACTIVE_ARCH = YES;
				SDKROOT = iphoneos;
				SWIFT_ACTIVE_COMPILATION_CONDITIONS = DEBUG;
				SWIFT_OPTIMIZATION_LEVEL = "-Onone";
			};
			name = Debug;
		};
		00D5D3E0205FAFBF00B6DBF0 /* Release */ = {
			isa = XCBuildConfiguration;
			buildSettings = {
				ALWAYS_SEARCH_USER_PATHS = NO;
				CLANG_ANALYZER_NONNULL = YES;
				CLANG_ANALYZER_NUMBER_OBJECT_CONVERSION = YES_AGGRESSIVE;
				CLANG_CXX_LANGUAGE_STANDARD = "gnu++14";
				CLANG_CXX_LIBRARY = "libc++";
				CLANG_ENABLE_MODULES = YES;
				CLANG_ENABLE_OBJC_ARC = YES;
				CLANG_WARN_BLOCK_CAPTURE_AUTORELEASING = YES;
				CLANG_WARN_BOOL_CONVERSION = YES;
				CLANG_WARN_COMMA = YES;
				CLANG_WARN_CONSTANT_CONVERSION = YES;
				CLANG_WARN_DIRECT_OBJC_ISA_USAGE = YES_ERROR;
				CLANG_WARN_DOCUMENTATION_COMMENTS = YES;
				CLANG_WARN_EMPTY_BODY = YES;
				CLANG_WARN_ENUM_CONVERSION = YES;
				CLANG_WARN_INFINITE_RECURSION = YES;
				CLANG_WARN_INT_CONVERSION = YES;
				CLANG_WARN_NON_LITERAL_NULL_CONVERSION = YES;
				CLANG_WARN_OBJC_LITERAL_CONVERSION = YES;
				CLANG_WARN_OBJC_ROOT_CLASS = YES_ERROR;
				CLANG_WARN_RANGE_LOOP_ANALYSIS = YES;
				CLANG_WARN_STRICT_PROTOTYPES = YES;
				CLANG_WARN_SUSPICIOUS_MOVE = YES;
				CLANG_WARN_UNGUARDED_AVAILABILITY = YES_AGGRESSIVE;
				CLANG_WARN_UNREACHABLE_CODE = YES;
				CLANG_WARN__DUPLICATE_METHOD_MATCH = YES;
				CODE_SIGN_IDENTITY = "iPhone Developer";
				COPY_PHASE_STRIP = NO;
				DEBUG_INFORMATION_FORMAT = "dwarf-with-dsym";
				ENABLE_NS_ASSERTIONS = NO;
				ENABLE_STRICT_OBJC_MSGSEND = YES;
				GCC_C_LANGUAGE_STANDARD = gnu11;
				GCC_NO_COMMON_BLOCKS = YES;
				GCC_WARN_64_TO_32_BIT_CONVERSION = YES;
				GCC_WARN_ABOUT_RETURN_TYPE = YES_ERROR;
				GCC_WARN_UNDECLARED_SELECTOR = YES;
				GCC_WARN_UNINITIALIZED_AUTOS = YES_AGGRESSIVE;
				GCC_WARN_UNUSED_FUNCTION = YES;
				GCC_WARN_UNUSED_VARIABLE = YES;
				IPHONEOS_DEPLOYMENT_TARGET = 11.2;
				MTL_ENABLE_DEBUG_INFO = NO;
				SDKROOT = iphoneos;
				SWIFT_OPTIMIZATION_LEVEL = "-Owholemodule";
				VALIDATE_PRODUCT = YES;
			};
			name = Release;
		};
		00D5D3E2205FAFBF00B6DBF0 /* Debug */ = {
			isa = XCBuildConfiguration;
			buildSettings = {
				ASSETCATALOG_COMPILER_APPICON_NAME = AppIcon;
				CODE_SIGN_STYLE = Automatic;
				DEVELOPMENT_TEAM = 39E2FVXES9;
				INFOPLIST_FILE = IdentifyThis/Info.plist;
				LD_RUNPATH_SEARCH_PATHS = "$(inherited) @executable_path/Frameworks";
				PRODUCT_BUNDLE_IDENTIFIER = com.consios.IdentifyThis;
				PRODUCT_NAME = "$(TARGET_NAME)";
				SWIFT_VERSION = 4.0;
				TARGETED_DEVICE_FAMILY = "1,2";
			};
			name = Debug;
		};
		00D5D3E3205FAFBF00B6DBF0 /* Release */ = {
			isa = XCBuildConfiguration;
			buildSettings = {
				ASSETCATALOG_COMPILER_APPICON_NAME = AppIcon;
				CODE_SIGN_STYLE = Automatic;
				DEVELOPMENT_TEAM = 39E2FVXES9;
				INFOPLIST_FILE = IdentifyThis/Info.plist;
				LD_RUNPATH_SEARCH_PATHS = "$(inherited) @executable_path/Frameworks";
				PRODUCT_BUNDLE_IDENTIFIER = com.consios.IdentifyThis;
				PRODUCT_NAME = "$(TARGET_NAME)";
				SWIFT_VERSION = 4.0;
				TARGETED_DEVICE_FAMILY = "1,2";
			};
			name = Release;
		};
		00D5D3E5205FAFBF00B6DBF0 /* Debug */ = {
			isa = XCBuildConfiguration;
			buildSettings = {
				ALWAYS_EMBED_SWIFT_STANDARD_LIBRARIES = YES;
				BUNDLE_LOADER = "$(TEST_HOST)";
				CODE_SIGN_STYLE = Automatic;
				DEVELOPMENT_TEAM = 39E2FVXES9;
				INFOPLIST_FILE = IdentifyThisTests/Info.plist;
				LD_RUNPATH_SEARCH_PATHS = "$(inherited) @executable_path/Frameworks @loader_path/Frameworks";
				PRODUCT_BUNDLE_IDENTIFIER = com.consios.IdentifyThisTests;
				PRODUCT_NAME = "$(TARGET_NAME)";
				SWIFT_VERSION = 4.0;
				TARGETED_DEVICE_FAMILY = "1,2";
				TEST_HOST = "$(BUILT_PRODUCTS_DIR)/IdentifyThis.app/IdentifyThis";
			};
			name = Debug;
		};
		00D5D3E6205FAFBF00B6DBF0 /* Release */ = {
			isa = XCBuildConfiguration;
			buildSettings = {
				ALWAYS_EMBED_SWIFT_STANDARD_LIBRARIES = YES;
				BUNDLE_LOADER = "$(TEST_HOST)";
				CODE_SIGN_STYLE = Automatic;
				DEVELOPMENT_TEAM = 39E2FVXES9;
				INFOPLIST_FILE = IdentifyThisTests/Info.plist;
				LD_RUNPATH_SEARCH_PATHS = "$(inherited) @executable_path/Frameworks @loader_path/Frameworks";
				PRODUCT_BUNDLE_IDENTIFIER = com.consios.IdentifyThisTests;
				PRODUCT_NAME = "$(TARGET_NAME)";
				SWIFT_VERSION = 4.0;
				TARGETED_DEVICE_FAMILY = "1,2";
				TEST_HOST = "$(BUILT_PRODUCTS_DIR)/IdentifyThis.app/IdentifyThis";
			};
			name = Release;
		};
		00D5D3E8205FAFBF00B6DBF0 /* Debug */ = {
			isa = XCBuildConfiguration;
			buildSettings = {
				ALWAYS_EMBED_SWIFT_STANDARD_LIBRARIES = YES;
				CODE_SIGN_STYLE = Automatic;
				DEVELOPMENT_TEAM = 39E2FVXES9;
				INFOPLIST_FILE = IdentifyThisUITests/Info.plist;
				LD_RUNPATH_SEARCH_PATHS = "$(inherited) @executable_path/Frameworks @loader_path/Frameworks";
				PRODUCT_BUNDLE_IDENTIFIER = com.consios.IdentifyThisUITests;
				PRODUCT_NAME = "$(TARGET_NAME)";
				SWIFT_VERSION = 4.0;
				TARGETED_DEVICE_FAMILY = "1,2";
				TEST_TARGET_NAME = IdentifyThis;
			};
			name = Debug;
		};
		00D5D3E9205FAFBF00B6DBF0 /* Release */ = {
			isa = XCBuildConfiguration;
			buildSettings = {
				ALWAYS_EMBED_SWIFT_STANDARD_LIBRARIES = YES;
				CODE_SIGN_STYLE = Automatic;
				DEVELOPMENT_TEAM = 39E2FVXES9;
				INFOPLIST_FILE = IdentifyThisUITests/Info.plist;
				LD_RUNPATH_SEARCH_PATHS = "$(inherited) @executable_path/Frameworks @loader_path/Frameworks";
				PRODUCT_BUNDLE_IDENTIFIER = com.consios.IdentifyThisUITests;
				PRODUCT_NAME = "$(TARGET_NAME)";
				SWIFT_VERSION = 4.0;
				TARGETED_DEVICE_FAMILY = "1,2";
				TEST_TARGET_NAME = IdentifyThis;
			};
			name = Release;
		};
/* End XCBuildConfiguration section */

/* Begin XCConfigurationList section */
		00D5D3B4205FAFBE00B6DBF0 /* Build configuration list for PBXProject "IdentifyThis" */ = {
			isa = XCConfigurationList;
			buildConfigurations = (
				00D5D3DF205FAFBF00B6DBF0 /* Debug */,
				00D5D3E0205FAFBF00B6DBF0 /* Release */,
			);
			defaultConfigurationIsVisible = 0;
			defaultConfigurationName = Release;
		};
		00D5D3E1205FAFBF00B6DBF0 /* Build configuration list for PBXNativeTarget "IdentifyThis" */ = {
			isa = XCConfigurationList;
			buildConfigurations = (
				00D5D3E2205FAFBF00B6DBF0 /* Debug */,
				00D5D3E3205FAFBF00B6DBF0 /* Release */,
			);
			defaultConfigurationIsVisible = 0;
			defaultConfigurationName = Release;
		};
		00D5D3E4205FAFBF00B6DBF0 /* Build configuration list for PBXNativeTarget "IdentifyThisTests" */ = {
			isa = XCConfigurationList;
			buildConfigurations = (
				00D5D3E5205FAFBF00B6DBF0 /* Debug */,
				00D5D3E6205FAFBF00B6DBF0 /* Release */,
			);
			defaultConfigurationIsVisible = 0;
			defaultConfigurationName = Release;
		};
		00D5D3E7205FAFBF00B6DBF0 /* Build configuration list for PBXNativeTarget "IdentifyThisUITests" */ = {
			isa = XCConfigurationList;
			buildConfigurations = (
				00D5D3E8205FAFBF00B6DBF0 /* Debug */,
				00D5D3E9205FAFBF00B6DBF0 /* Release */,
			);
			defaultConfigurationIsVisible = 0;
			defaultConfigurationName = Release;
		};
/* End XCConfigurationList section */
	};
	rootObject = 00D5D3B1205FAFBE00B6DBF0 /* Project object */;
}
